
Microsoft Visual Studio Solution File, Format Version 12.00
# Visual Studio 15
VisualStudioVersion = 15.0.25914.0
MinimumVisualStudioVersion = 10.0.40219.1
Project("{00D1A9C2-B5F0-4AF3-8072-F6C62B433612}") = "SSDTMigrationDemo", "SSDTMigrationDemo\SSDTMigrationDemo.sqlproj", "{DECD9EB8-E8DF-4680-83F8-C4583DA352EA}"
EndProject
Global
	GlobalSection(SolutionConfigurationPlatforms) = preSolution
		Debug|Any CPU = Debug|Any CPU
		Release|Any CPU = Release|Any CPU
	EndGlobalSection
	GlobalSection(ProjectConfigurationPlatforms) = postSolution
		{DECD9EB8-E8DF-4680-83F8-C4583DA352EA}.Debug|Any CPU.ActiveCfg = Debug|Any CPU
		{DECD9EB8-E8DF-4680-83F8-C4583DA352EA}.Debug|Any CPU.Build.0 = Debug|Any CPU
		{DECD9EB8-E8DF-4680-83F8-C4583DA352EA}.Debug|Any CPU.Deploy.0 = Debug|Any CPU
		{DECD9EB8-E8DF-4680-83F8-C4583DA352EA}.Release|Any CPU.ActiveCfg = Release|Any CPU
		{DECD9EB8-E8DF-4680-83F8-C4583DA352EA}.Release|Any CPU.Build.0 = Release|Any CPU
		{DECD9EB8-E8DF-4680-83F8-C4583DA352EA}.Release|Any CPU.Deploy.0 = Release|Any CPU
	EndGlobalSection
	GlobalSection(SolutionProperties) = preSolution
		HideSolutionNode = FALSE
	EndGlobalSection
	GlobalSection(TeamFoundationVersionControl) = preSolution
		SccNumberOfProjects = 2
		SccEnterpriseProvider = {4CA58AB2-18FA-4F8D-95D4-32DDF27D184C}
		SccTeamFoundationServer = https://mackbytes.visualstudio.com/defaultcollection
		SccLocalPath0 = .
		SccProjectUniqueName1 = SSDTMigrationDemo\\SSDTMigrationDemo.sqlproj
		SccProjectName1 = SSDTMigrationDemo
		SccLocalPath1 = SSDTMigrationDemo
	EndGlobalSection
EndGlobal
